
Microsoft Visual Studio Solution File, Format Version 12.00
# Visual Studio Version 17
VisualStudioVersion = 17.13.35828.75 d17.13
MinimumVisualStudioVersion = 10.0.40219.1
Project("{FAE04EC0-301F-11D3-BF4B-00C04F79EFBC}") = "TestApp", "TestApp.csproj", "{77999E74-1DA3-4C0A-B42B-9CBB2D04D578}"
EndProject
Global
	GlobalSection(SolutionConfigurationPlatforms) = preSolution
		Debug|Any CPU = Debug|Any CPU
		Release|Any CPU = Release|Any CPU
	EndGlobalSection
	GlobalSection(ProjectConfigurationPlatforms) = postSolution
		{77999E74-1DA3-4C0A-B42B-9CBB2D04D578}.Debug|Any CPU.ActiveCfg = Debug|Any CPU
		{77999E74-1DA3-4C0A-B42B-9CBB2D04D578}.Debug|Any CPU.Build.0 = Debug|Any CPU
		{77999E74-1DA3-4C0A-B42B-9CBB2D04D578}.Release|Any CPU.ActiveCfg = Release|Any CPU
		{77999E74-1DA3-4C0A-B42B-9CBB2D04D578}.Release|Any CPU.Build.0 = Release|Any CPU
	EndGlobalSection
	GlobalSection(SolutionProperties) = preSolution
		HideSolutionNode = FALSE
	EndGlobalSection
	GlobalSection(ExtensibilityGlobals) = postSolution
		SolutionGuid = {DF28735B-A3C1-425C-A8C5-44F4DB6830D5}
	EndGlobalSection
EndGlobal
